// !$*UTF8*$!
{
	archiveVersion = 1;
	classes = {
	};
	objectVersion = 56;
	objects = {

/* Begin PBXBuildFile section */
		C3BCDED12AC5A04A0083C19D /* PinchApp.swift in Sources */ = {isa = PBXBuildFile; fileRef = C3BCDED02AC5A04A0083C19D /* PinchApp.swift */; };
		C3BCDED32AC5A04A0083C19D /* ContentView.swift in Sources */ = {isa = PBXBuildFile; fileRef = C3BCDED22AC5A04A0083C19D /* ContentView.swift */; };
		C3BCDED52AC5A04B0083C19D /* Assets.xcassets in Resources */ = {isa = PBXBuildFile; fileRef = C3BCDED42AC5A04B0083C19D /* Assets.xcassets */; };
		C3BCDED82AC5A04B0083C19D /* Preview Assets.xcassets in Resources */ = {isa = PBXBuildFile; fileRef = C3BCDED72AC5A04B0083C19D /* Preview Assets.xcassets */; };
		C3BCDEE32AC5B2FD0083C19D /* InfoPanelView.swift in Sources */ = {isa = PBXBuildFile; fileRef = C3BCDEE22AC5B2FD0083C19D /* InfoPanelView.swift */; };
		C3BCDEE52AC5E4170083C19D /* ControlImageView.swift in Sources */ = {isa = PBXBuildFile; fileRef = C3BCDEE42AC5E4170083C19D /* ControlImageView.swift */; };
		C3BCDEE72AC6C5EB0083C19D /* PageModel.swift in Sources */ = {isa = PBXBuildFile; fileRef = C3BCDEE62AC6C5EB0083C19D /* PageModel.swift */; };
		C3BCDEE92AC6C6330083C19D /* PagaData.swift in Sources */ = {isa = PBXBuildFile; fileRef = C3BCDEE82AC6C6330083C19D /* PagaData.swift */; };
/* End PBXBuildFile section */

/* Begin PBXFileReference section */
		C3BCDECD2AC5A04A0083C19D /* Pinch.app */ = {isa = PBXFileReference; explicitFileType = wrapper.application; includeInIndex = 0; path = Pinch.app; sourceTree = BUILT_PRODUCTS_DIR; };
		C3BCDED02AC5A04A0083C19D /* PinchApp.swift */ = {isa = PBXFileReference; lastKnownFileType = sourcecode.swift; path = PinchApp.swift; sourceTree = "<group>"; };
		C3BCDED22AC5A04A0083C19D /* ContentView.swift */ = {isa = PBXFileReference; lastKnownFileType = sourcecode.swift; path = ContentView.swift; sourceTree = "<group>"; };
		C3BCDED42AC5A04B0083C19D /* Assets.xcassets */ = {isa = PBXFileReference; lastKnownFileType = folder.assetcatalog; path = Assets.xcassets; sourceTree = "<group>"; };
		C3BCDED72AC5A04B0083C19D /* Preview Assets.xcassets */ = {isa = PBXFileReference; lastKnownFileType = folder.assetcatalog; path = "Preview Assets.xcassets"; sourceTree = "<group>"; };
		C3BCDEE22AC5B2FD0083C19D /* InfoPanelView.swift */ = {isa = PBXFileReference; lastKnownFileType = sourcecode.swift; path = InfoPanelView.swift; sourceTree = "<group>"; };
		C3BCDEE42AC5E4170083C19D /* ControlImageView.swift */ = {isa = PBXFileReference; lastKnownFileType = sourcecode.swift; path = ControlImageView.swift; sourceTree = "<group>"; };
		C3BCDEE62AC6C5EB0083C19D /* PageModel.swift */ = {isa = PBXFileReference; lastKnownFileType = sourcecode.swift; path = PageModel.swift; sourceTree = "<group>"; };
		C3BCDEE82AC6C6330083C19D /* PagaData.swift */ = {isa = PBXFileReference; lastKnownFileType = sourcecode.swift; path = PagaData.swift; sourceTree = "<group>"; };
/* End PBXFileReference section */

/* Begin PBXFrameworksBuildPhase section */
		C3BCDECA2AC5A04A0083C19D /* Frameworks */ = {
			isa = PBXFrameworksBuildPhase;
			buildActionMask = 2147483647;
			files = (
			);
			runOnlyForDeploymentPostprocessing = 0;
		};
/* End PBXFrameworksBuildPhase section */

/* Begin PBXGroup section */
		C3BCDEC42AC5A04A0083C19D = {
			isa = PBXGroup;
			children = (
				C3BCDECF2AC5A04A0083C19D /* Pinch */,
				C3BCDECE2AC5A04A0083C19D /* Products */,
			);
			sourceTree = "<group>";
		};
		C3BCDECE2AC5A04A0083C19D /* Products */ = {
			isa = PBXGroup;
			children = (
				C3BCDECD2AC5A04A0083C19D /* Pinch.app */,
			);
			name = Products;
			sourceTree = "<group>";
		};
		C3BCDECF2AC5A04A0083C19D /* Pinch */ = {
			isa = PBXGroup;
			children = (
				C3BCDEE12AC5A1920083C19D /* Data */,
				C3BCDEE02AC5A18A0083C19D /* Model */,
				C3BCDEDF2AC5A17E0083C19D /* View */,
				C3BCDED02AC5A04A0083C19D /* PinchApp.swift */,
				C3BCDEDE2AC5A1660083C19D /* Screen */,
				C3BCDED42AC5A04B0083C19D /* Assets.xcassets */,
				C3BCDED62AC5A04B0083C19D /* Preview Content */,
			);
			path = Pinch;
			sourceTree = "<group>";
		};
		C3BCDED62AC5A04B0083C19D /* Preview Content */ = {
			isa = PBXGroup;
			children = (
				C3BCDED72AC5A04B0083C19D /* Preview Assets.xcassets */,
			);
			path = "Preview Content";
			sourceTree = "<group>";
		};
		C3BCDEDE2AC5A1660083C19D /* Screen */ = {
			isa = PBXGroup;
			children = (
				C3BCDED22AC5A04A0083C19D /* ContentView.swift */,
			);
			path = Screen;
			sourceTree = "<group>";
		};
		C3BCDEDF2AC5A17E0083C19D /* View */ = {
			isa = PBXGroup;
			children = (
				C3BCDEE22AC5B2FD0083C19D /* InfoPanelView.swift */,
				C3BCDEE42AC5E4170083C19D /* ControlImageView.swift */,
			);
			path = View;
			sourceTree = "<group>";
		};
		C3BCDEE02AC5A18A0083C19D /* Model */ = {
			isa = PBXGroup;
			children = (
				C3BCDEE62AC6C5EB0083C19D /* PageModel.swift */,
			);
			path = Model;
			sourceTree = "<group>";
		};
		C3BCDEE12AC5A1920083C19D /* Data */ = {
			isa = PBXGroup;
			children = (
				C3BCDEE82AC6C6330083C19D /* PagaData.swift */,
			);
			path = Data;
			sourceTree = "<group>";
		};
/* End PBXGroup section */

/* Begin PBXNativeTarget section */
		C3BCDECC2AC5A04A0083C19D /* Pinch */ = {
			isa = PBXNativeTarget;
			buildConfigurationList = C3BCDEDB2AC5A04B0083C19D /* Build configuration list for PBXNativeTarget "Pinch" */;
			buildPhases = (
				C3BCDEC92AC5A04A0083C19D /* Sources */,
				C3BCDECA2AC5A04A0083C19D /* Frameworks */,
				C3BCDECB2AC5A04A0083C19D /* Resources */,
			);
			buildRules = (
			);
			dependencies = (
			);
			name = Pinch;
			productName = Pinch;
			productReference = C3BCDECD2AC5A04A0083C19D /* Pinch.app */;
			productType = "com.apple.product-type.application";
		};
/* End PBXNativeTarget section */

/* Begin PBXProject section */
		C3BCDEC52AC5A04A0083C19D /* Project object */ = {
			isa = PBXProject;
			attributes = {
				BuildIndependentTargetsInParallel = 1;
				LastSwiftUpdateCheck = 1430;
				LastUpgradeCheck = 1430;
				TargetAttributes = {
					C3BCDECC2AC5A04A0083C19D = {
						CreatedOnToolsVersion = 14.3.1;
					};
				};
			};
			buildConfigurationList = C3BCDEC82AC5A04A0083C19D /* Build configuration list for PBXProject "Pinch" */;
			compatibilityVersion = "Xcode 14.0";
			developmentRegion = en;
			hasScannedForEncodings = 0;
			knownRegions = (
				en,
				Base,
			);
			mainGroup = C3BCDEC42AC5A04A0083C19D;
			productRefGroup = C3BCDECE2AC5A04A0083C19D /* Products */;
			projectDirPath = "";
			projectRoot = "";
			targets = (
				C3BCDECC2AC5A04A0083C19D /* Pinch */,
			);
		};
/* End PBXProject section */

/* Begin PBXResourcesBuildPhase section */
		C3BCDECB2AC5A04A0083C19D /* Resources */ = {
			isa = PBXResourcesBuildPhase;
			buildActionMask = 2147483647;
			files = (
				C3BCDED82AC5A04B0083C19D /* Preview Assets.xcassets in Resources */,
				C3BCDED52AC5A04B0083C19D /* Assets.xcassets in Resources */,
			);
			runOnlyForDeploymentPostprocessing = 0;
		};
/* End PBXResourcesBuildPhase section */

/* Begin PBXSourcesBuildPhase section */
		C3BCDEC92AC5A04A0083C19D /* Sources */ = {
			isa = PBXSourcesBuildPhase;
			buildActionMask = 2147483647;
			files = (
				C3BCDEE52AC5E4170083C19D /* ControlImageView.swift in Sources */,
				C3BCDEE72AC6C5EB0083C19D /* PageModel.swift in Sources */,
				C3BCDED32AC5A04A0083C19D /* ContentView.swift in Sources */,
				C3BCDED12AC5A04A0083C19D /* PinchApp.swift in Sources */,
				C3BCDEE92AC6C6330083C19D /* PagaData.swift in Sources */,
				C3BCDEE32AC5B2FD0083C19D /* InfoPanelView.swift in Sources */,
			);
			runOnlyForDeploymentPostprocessing = 0;
		};
/* End PBXSourcesBuildPhase section */

/* Begin XCBuildConfiguration section */
		C3BCDED92AC5A04B0083C19D /* Debug */ = {
			isa = XCBuildConfiguration;
			buildSettings = {
				ALWAYS_SEARCH_USER_PATHS = NO;
				CLANG_ANALYZER_NONNULL = YES;
				CLANG_ANALYZER_NUMBER_OBJECT_CONVERSION = YES_AGGRESSIVE;
				CLANG_CXX_LANGUAGE_STANDARD = "gnu++20";
				CLANG_ENABLE_MODULES = YES;
				CLANG_ENABLE_OBJC_ARC = YES;
				CLANG_ENABLE_OBJC_WEAK = YES;
				CLANG_WARN_BLOCK_CAPTURE_AUTORELEASING = YES;
				CLANG_WARN_BOOL_CONVERSION = YES;
				CLANG_WARN_COMMA = YES;
				CLANG_WARN_CONSTANT_CONVERSION = YES;
				CLANG_WARN_DEPRECATED_OBJC_IMPLEMENTATIONS = YES;
				CLANG_WARN_DIRECT_OBJC_ISA_USAGE = YES_ERROR;
				CLANG_WARN_DOCUMENTATION_COMMENTS = YES;
				CLANG_WARN_EMPTY_BODY = YES;
				CLANG_WARN_ENUM_CONVERSION = YES;
				CLANG_WARN_INFINITE_RECURSION = YES;
				CLANG_WARN_INT_CONVERSION = YES;
				CLANG_WARN_NON_LITERAL_NULL_CONVERSION = YES;
				CLANG_WARN_OBJC_IMPLICIT_RETAIN_SELF = YES;
				CLANG_WARN_OBJC_LITERAL_CONVERSION = YES;
				CLANG_WARN_OBJC_ROOT_CLASS = YES_ERROR;
				CLANG_WARN_QUOTED_INCLUDE_IN_FRAMEWORK_HEADER = YES;
				CLANG_WARN_RANGE_LOOP_ANALYSIS = YES;
				CLANG_WARN_STRICT_PROTOTYPES = YES;
				CLANG_WARN_SUSPICIOUS_MOVE = YES;
				CLANG_WARN_UNGUARDED_AVAILABILITY = YES_AGGRESSIVE;
				CLANG_WARN_UNREACHABLE_CODE = YES;
				CLANG_WARN__DUPLICATE_METHOD_MATCH = YES;
				COPY_PHASE_STRIP = NO;
				DEBUG_INFORMATION_FORMAT = dwarf;
				ENABLE_STRICT_OBJC_MSGSEND = YES;
				ENABLE_TESTABILITY = YES;
				GCC_C_LANGUAGE_STANDARD = gnu11;
				GCC_DYNAMIC_NO_PIC = NO;
				GCC_NO_COMMON_BLOCKS = YES;
				GCC_OPTIMIZATION_LEVEL = 0;
				GCC_PREPROCESSOR_DEFINITIONS = (
					"DEBUG=1",
					"$(inherited)",
				);
				GCC_WARN_64_TO_32_BIT_CONVERSION = YES;
				GCC_WARN_ABOUT_RETURN_TYPE = YES_ERROR;
				GCC_WARN_UNDECLARED_SELECTOR = YES;
				GCC_WARN_UNINITIALIZED_AUTOS = YES_AGGRESSIVE;
				GCC_WARN_UNUSED_FUNCTION = YES;
				GCC_WARN_UNUSED_VARIABLE = YES;
				IPHONEOS_DEPLOYMENT_TARGET = 16.4;
				MTL_ENABLE_DEBUG_INFO = INCLUDE_SOURCE;
				MTL_FAST_MATH = YES;
				ONLY_ACTIVE_ARCH = YES;
				SDKROOT = iphoneos;
				SWIFT_ACTIVE_COMPILATION_CONDITIONS = DEBUG;
				SWIFT_OPTIMIZATION_LEVEL = "-Onone";
			};
			name = Debug;
		};
		C3BCDEDA2AC5A04B0083C19D /* Release */ = {
			isa = XCBuildConfiguration;
			buildSettings = {
				ALWAYS_SEARCH_USER_PATHS = NO;
				CLANG_ANALYZER_NONNULL = YES;
				CLANG_ANALYZER_NUMBER_OBJECT_CONVERSION = YES_AGGRESSIVE;
				CLANG_CXX_LANGUAGE_STANDARD = "gnu++20";
				CLANG_ENABLE_MODULES = YES;
				CLANG_ENABLE_OBJC_ARC = YES;
				CLANG_ENABLE_OBJC_WEAK = YES;
				CLANG_WARN_BLOCK_CAPTURE_AUTORELEASING = YES;
				CLANG_WARN_BOOL_CONVERSION = YES;
				CLANG_WARN_COMMA = YES;
				CLANG_WARN_CONSTANT_CONVERSION = YES;
				CLANG_WARN_DEPRECATED_OBJC_IMPLEMENTATIONS = YES;
				CLANG_WARN_DIRECT_OBJC_ISA_USAGE = YES_ERROR;
				CLANG_WARN_DOCUMENTATION_COMMENTS = YES;
				CLANG_WARN_EMPTY_BODY = YES;
				CLANG_WARN_ENUM_CONVERSION = YES;
				CLANG_WARN_INFINITE_RECURSION = YES;
				CLANG_WARN_INT_CONVERSION = YES;
				CLANG_WARN_NON_LITERAL_NULL_CONVERSION = YES;
				CLANG_WARN_OBJC_IMPLICIT_RETAIN_SELF = YES;
				CLANG_WARN_OBJC_LITERAL_CONVERSION = YES;
				CLANG_WARN_OBJC_ROOT_CLASS = YES_ERROR;
				CLANG_WARN_QUOTED_INCLUDE_IN_FRAMEWORK_HEADER = YES;
				CLANG_WARN_RANGE_LOOP_ANALYSIS = YES;
				CLANG_WARN_STRICT_PROTOTYPES = YES;
				CLANG_WARN_SUSPICIOUS_MOVE = YES;
				CLANG_WARN_UNGUARDED_AVAILABILITY = YES_AGGRESSIVE;
				CLANG_WARN_UNREACHABLE_CODE = YES;
				CLANG_WARN__DUPLICATE_METHOD_MATCH = YES;
				COPY_PHASE_STRIP = NO;
				DEBUG_INFORMATION_FORMAT = "dwarf-with-dsym";
				ENABLE_NS_ASSERTIONS = NO;
				ENABLE_STRICT_OBJC_MSGSEND = YES;
				GCC_C_LANGUAGE_STANDARD = gnu11;
				GCC_NO_COMMON_BLOCKS = YES;
				GCC_WARN_64_TO_32_BIT_CONVERSION = YES;
				GCC_WARN_ABOUT_RETURN_TYPE = YES_ERROR;
				GCC_WARN_UNDECLARED_SELECTOR = YES;
				GCC_WARN_UNINITIALIZED_AUTOS = YES_AGGRESSIVE;
				GCC_WARN_UNUSED_FUNCTION = YES;
				GCC_WARN_UNUSED_VARIABLE = YES;
				IPHONEOS_DEPLOYMENT_TARGET = 16.4;
				MTL_ENABLE_DEBUG_INFO = NO;
				MTL_FAST_MATH = YES;
				SDKROOT = iphoneos;
				SWIFT_COMPILATION_MODE = wholemodule;
				SWIFT_OPTIMIZATION_LEVEL = "-O";
				VALIDATE_PRODUCT = YES;
			};
			name = Release;
		};
		C3BCDEDC2AC5A04B0083C19D /* Debug */ = {
			isa = XCBuildConfiguration;
			buildSettings = {
				ASSETCATALOG_COMPILER_APPICON_NAME = AppIcon;
				ASSETCATALOG_COMPILER_GLOBAL_ACCENT_COLOR_NAME = AccentColor;
				CODE_SIGN_STYLE = Automatic;
				CURRENT_PROJECT_VERSION = 1;
				DEVELOPMENT_ASSET_PATHS = "\"Pinch/Preview Content\"";
				DEVELOPMENT_TEAM = RZU29T7LGX;
				ENABLE_PREVIEWS = YES;
				GENERATE_INFOPLIST_FILE = YES;
				INFOPLIST_KEY_UIApplicationSceneManifest_Generation = YES;
				INFOPLIST_KEY_UIApplicationSupportsIndirectInputEvents = YES;
				INFOPLIST_KEY_UILaunchScreen_Generation = YES;
				INFOPLIST_KEY_UISupportedInterfaceOrientations = UIInterfaceOrientationPortrait;
				INFOPLIST_KEY_UISupportedInterfaceOrientations_iPad = "UIInterfaceOrientationLandscapeLeft UIInterfaceOrientationLandscapeRight UIInterfaceOrientationPortrait UIInterfaceOrientationPortraitUpsideDown";
				LD_RUNPATH_SEARCH_PATHS = (
					"$(inherited)",
					"@executable_path/Frameworks",
				);
				MARKETING_VERSION = 1.0;
				PRODUCT_BUNDLE_IDENTIFIER = samoucosimao.Pinch;
				PRODUCT_NAME = "$(TARGET_NAME)";
				SWIFT_EMIT_LOC_STRINGS = YES;
				SWIFT_VERSION = 5.0;
				TARGETED_DEVICE_FAMILY = "1,2";
			};
			name = Debug;
		};
		C3BCDEDD2AC5A04B0083C19D /* Release */ = {
			isa = XCBuildConfiguration;
			buildSettings = {
				ASSETCATALOG_COMPILER_APPICON_NAME = AppIcon;
				ASSETCATALOG_COMPILER_GLOBAL_ACCENT_COLOR_NAME = AccentColor;
				CODE_SIGN_STYLE = Automatic;
				CURRENT_PROJECT_VERSION = 1;
				DEVELOPMENT_ASSET_PATHS = "\"Pinch/Preview Content\"";
				DEVELOPMENT_TEAM = RZU29T7LGX;
				ENABLE_PREVIEWS = YES;
				GENERATE_INFOPLIST_FILE = YES;
				INFOPLIST_KEY_UIApplicationSceneManifest_Generation = YES;
				INFOPLIST_KEY_UIApplicationSupportsIndirectInputEvents = YES;
				INFOPLIST_KEY_UILaunchScreen_Generation = YES;
				INFOPLIST_KEY_UISupportedInterfaceOrientations = UIInterfaceOrientationPortrait;
				INFOPLIST_KEY_UISupportedInterfaceOrientations_iPad = "UIInterfaceOrientationLandscapeLeft UIInterfaceOrientationLandscapeRight UIInterfaceOrientationPortrait UIInterfaceOrientationPortraitUpsideDown";
				LD_RUNPATH_SEARCH_PATHS = (
					"$(inherited)",
					"@executable_path/Frameworks",
				);
				MARKETING_VERSION = 1.0;
				PRODUCT_BUNDLE_IDENTIFIER = samoucosimao.Pinch;
				PRODUCT_NAME = "$(TARGET_NAME)";
				SWIFT_EMIT_LOC_STRINGS = YES;
				SWIFT_VERSION = 5.0;
				TARGETED_DEVICE_FAMILY = "1,2";
			};
			name = Release;
		};
/* End XCBuildConfiguration section */

/* Begin XCConfigurationList section */
		C3BCDEC82AC5A04A0083C19D /* Build configuration list for PBXProject "Pinch" */ = {
			isa = XCConfigurationList;
			buildConfigurations = (
				C3BCDED92AC5A04B0083C19D /* Debug */,
				C3BCDEDA2AC5A04B0083C19D /* Release */,
			);
			defaultConfigurationIsVisible = 0;
			defaultConfigurationName = Release;
		};
		C3BCDEDB2AC5A04B0083C19D /* Build configuration list for PBXNativeTarget "Pinch" */ = {
			isa = XCConfigurationList;
			buildConfigurations = (
				C3BCDEDC2AC5A04B0083C19D /* Debug */,
				C3BCDEDD2AC5A04B0083C19D /* Release */,
			);
			defaultConfigurationIsVisible = 0;
			defaultConfigurationName = Release;
		};
/* End XCConfigurationList section */
	};
	rootObject = C3BCDEC52AC5A04A0083C19D /* Project object */;
}
