// !$*UTF8*$!
{
	archiveVersion = 1;
	classes = {
	};
	objectVersion = 56;
	objects = {

/* Begin PBXBuildFile section */
		C3A9BE4A2AE90B4400424D68 /* Constant.swift in Sources */ = {isa = PBXBuildFile; fileRef = C3A9BE492AE90B4400424D68 /* Constant.swift */; };
		C3A9BE4C2AE9155800424D68 /* HideKeyboardExtension.swift in Sources */ = {isa = PBXBuildFile; fileRef = C3A9BE4B2AE9155800424D68 /* HideKeyboardExtension.swift */; };
		C3A9BE4E2AE9242D00424D68 /* BackgroundImageView.swift in Sources */ = {isa = PBXBuildFile; fileRef = C3A9BE4D2AE9242D00424D68 /* BackgroundImageView.swift */; };
		C3A9BE502AE92A1600424D68 /* NewTaskItemView.swift in Sources */ = {isa = PBXBuildFile; fileRef = C3A9BE4F2AE92A1600424D68 /* NewTaskItemView.swift */; };
		C3A9BE522AE92DB800424D68 /* BlankView.swift in Sources */ = {isa = PBXBuildFile; fileRef = C3A9BE512AE92DB800424D68 /* BlankView.swift */; };
		C3A9BE542AE9451E00424D68 /* ListRowItemView.swift in Sources */ = {isa = PBXBuildFile; fileRef = C3A9BE532AE9451E00424D68 /* ListRowItemView.swift */; };
		C3A9BE562AE9471700424D68 /* CheckBoxStyle.swift in Sources */ = {isa = PBXBuildFile; fileRef = C3A9BE552AE9471700424D68 /* CheckBoxStyle.swift */; };
		C3D45F592AD6900000BD2D24 /* DevoteApp.swift in Sources */ = {isa = PBXBuildFile; fileRef = C3D45F582AD6900000BD2D24 /* DevoteApp.swift */; };
		C3D45F5B2AD6900000BD2D24 /* ContentView.swift in Sources */ = {isa = PBXBuildFile; fileRef = C3D45F5A2AD6900000BD2D24 /* ContentView.swift */; };
		C3D45F5D2AD6900200BD2D24 /* Assets.xcassets in Resources */ = {isa = PBXBuildFile; fileRef = C3D45F5C2AD6900200BD2D24 /* Assets.xcassets */; };
		C3D45F602AD6900200BD2D24 /* Preview Assets.xcassets in Resources */ = {isa = PBXBuildFile; fileRef = C3D45F5F2AD6900200BD2D24 /* Preview Assets.xcassets */; };
		C3D45F622AD6900200BD2D24 /* Persistence.swift in Sources */ = {isa = PBXBuildFile; fileRef = C3D45F612AD6900200BD2D24 /* Persistence.swift */; };
		C3D45F652AD6900200BD2D24 /* Devote.xcdatamodeld in Sources */ = {isa = PBXBuildFile; fileRef = C3D45F632AD6900200BD2D24 /* Devote.xcdatamodeld */; };
		C3D45F6E2AD6907300BD2D24 /* sound-ding.mp3 in Resources */ = {isa = PBXBuildFile; fileRef = C3D45F6B2AD6907300BD2D24 /* sound-ding.mp3 */; };
		C3D45F6F2AD6907300BD2D24 /* sound-rise.mp3 in Resources */ = {isa = PBXBuildFile; fileRef = C3D45F6C2AD6907300BD2D24 /* sound-rise.mp3 */; };
		C3D45F702AD6907300BD2D24 /* sound-tap.mp3 in Resources */ = {isa = PBXBuildFile; fileRef = C3D45F6D2AD6907300BD2D24 /* sound-tap.mp3 */; };
/* End PBXBuildFile section */

/* Begin PBXFileReference section */
		C3A9BE492AE90B4400424D68 /* Constant.swift */ = {isa = PBXFileReference; lastKnownFileType = sourcecode.swift; path = Constant.swift; sourceTree = "<group>"; };
		C3A9BE4B2AE9155800424D68 /* HideKeyboardExtension.swift */ = {isa = PBXFileReference; lastKnownFileType = sourcecode.swift; path = HideKeyboardExtension.swift; sourceTree = "<group>"; };
		C3A9BE4D2AE9242D00424D68 /* BackgroundImageView.swift */ = {isa = PBXFileReference; lastKnownFileType = sourcecode.swift; path = BackgroundImageView.swift; sourceTree = "<group>"; };
		C3A9BE4F2AE92A1600424D68 /* NewTaskItemView.swift */ = {isa = PBXFileReference; lastKnownFileType = sourcecode.swift; path = NewTaskItemView.swift; sourceTree = "<group>"; };
		C3A9BE512AE92DB800424D68 /* BlankView.swift */ = {isa = PBXFileReference; lastKnownFileType = sourcecode.swift; path = BlankView.swift; sourceTree = "<group>"; };
		C3A9BE532AE9451E00424D68 /* ListRowItemView.swift */ = {isa = PBXFileReference; lastKnownFileType = sourcecode.swift; path = ListRowItemView.swift; sourceTree = "<group>"; };
		C3A9BE552AE9471700424D68 /* CheckBoxStyle.swift */ = {isa = PBXFileReference; lastKnownFileType = sourcecode.swift; path = CheckBoxStyle.swift; sourceTree = "<group>"; };
		C3D45F552AD6900000BD2D24 /* Devote.app */ = {isa = PBXFileReference; explicitFileType = wrapper.application; includeInIndex = 0; path = Devote.app; sourceTree = BUILT_PRODUCTS_DIR; };
		C3D45F582AD6900000BD2D24 /* DevoteApp.swift */ = {isa = PBXFileReference; lastKnownFileType = sourcecode.swift; path = DevoteApp.swift; sourceTree = "<group>"; };
		C3D45F5A2AD6900000BD2D24 /* ContentView.swift */ = {isa = PBXFileReference; lastKnownFileType = sourcecode.swift; path = ContentView.swift; sourceTree = "<group>"; };
		C3D45F5C2AD6900200BD2D24 /* Assets.xcassets */ = {isa = PBXFileReference; lastKnownFileType = folder.assetcatalog; path = Assets.xcassets; sourceTree = "<group>"; };
		C3D45F5F2AD6900200BD2D24 /* Preview Assets.xcassets */ = {isa = PBXFileReference; lastKnownFileType = folder.assetcatalog; path = "Preview Assets.xcassets"; sourceTree = "<group>"; };
		C3D45F612AD6900200BD2D24 /* Persistence.swift */ = {isa = PBXFileReference; lastKnownFileType = sourcecode.swift; path = Persistence.swift; sourceTree = "<group>"; };
		C3D45F642AD6900200BD2D24 /* Devote.xcdatamodel */ = {isa = PBXFileReference; lastKnownFileType = wrapper.xcdatamodel; path = Devote.xcdatamodel; sourceTree = "<group>"; };
		C3D45F6B2AD6907300BD2D24 /* sound-ding.mp3 */ = {isa = PBXFileReference; lastKnownFileType = audio.mp3; path = "sound-ding.mp3"; sourceTree = "<group>"; };
		C3D45F6C2AD6907300BD2D24 /* sound-rise.mp3 */ = {isa = PBXFileReference; lastKnownFileType = audio.mp3; path = "sound-rise.mp3"; sourceTree = "<group>"; };
		C3D45F6D2AD6907300BD2D24 /* sound-tap.mp3 */ = {isa = PBXFileReference; lastKnownFileType = audio.mp3; path = "sound-tap.mp3"; sourceTree = "<group>"; };
		C3D45F772AD6911200BD2D24 /* Info.plist */ = {isa = PBXFileReference; lastKnownFileType = text.plist; path = Info.plist; sourceTree = "<group>"; };
/* End PBXFileReference section */

/* Begin PBXFrameworksBuildPhase section */
		C3D45F522AD6900000BD2D24 /* Frameworks */ = {
			isa = PBXFrameworksBuildPhase;
			buildActionMask = 2147483647;
			files = (
			);
			runOnlyForDeploymentPostprocessing = 0;
		};
/* End PBXFrameworksBuildPhase section */

/* Begin PBXGroup section */
		C3A9BE482AE90B2A00424D68 /* Utility */ = {
			isa = PBXGroup;
			children = (
				C3A9BE492AE90B4400424D68 /* Constant.swift */,
			);
			path = Utility;
			sourceTree = "<group>";
		};
		C3D45F4C2AD6900000BD2D24 = {
			isa = PBXGroup;
			children = (
				C3D45F572AD6900000BD2D24 /* Devote */,
				C3D45F562AD6900000BD2D24 /* Products */,
			);
			sourceTree = "<group>";
		};
		C3D45F562AD6900000BD2D24 /* Products */ = {
			isa = PBXGroup;
			children = (
				C3D45F552AD6900000BD2D24 /* Devote.app */,
			);
			name = Products;
			sourceTree = "<group>";
		};
		C3D45F572AD6900000BD2D24 /* Devote */ = {
			isa = PBXGroup;
			children = (
				C3A9BE482AE90B2A00424D68 /* Utility */,
				C3D45F772AD6911200BD2D24 /* Info.plist */,
				C3D45F752AD690B400BD2D24 /* App */,
				C3D45F722AD6909100BD2D24 /* View */,
				C3D45F742AD690AA00BD2D24 /* Style */,
				C3D45F732AD6909A00BD2D24 /* Extsntion */,
				C3D45F5C2AD6900200BD2D24 /* Assets.xcassets */,
				C3D45F762AD690D600BD2D24 /* Model */,
				C3D45F712AD6908900BD2D24 /* Sound */,
				C3D45F5E2AD6900200BD2D24 /* Preview Content */,
			);
			path = Devote;
			sourceTree = "<group>";
		};
		C3D45F5E2AD6900200BD2D24 /* Preview Content */ = {
			isa = PBXGroup;
			children = (
				C3D45F5F2AD6900200BD2D24 /* Preview Assets.xcassets */,
			);
			path = "Preview Content";
			sourceTree = "<group>";
		};
		C3D45F712AD6908900BD2D24 /* Sound */ = {
			isa = PBXGroup;
			children = (
				C3D45F6B2AD6907300BD2D24 /* sound-ding.mp3 */,
				C3D45F6C2AD6907300BD2D24 /* sound-rise.mp3 */,
				C3D45F6D2AD6907300BD2D24 /* sound-tap.mp3 */,
			);
			path = Sound;
			sourceTree = "<group>";
		};
		C3D45F722AD6909100BD2D24 /* View */ = {
			isa = PBXGroup;
			children = (
				C3D45F5A2AD6900000BD2D24 /* ContentView.swift */,
				C3A9BE4D2AE9242D00424D68 /* BackgroundImageView.swift */,
				C3A9BE4F2AE92A1600424D68 /* NewTaskItemView.swift */,
				C3A9BE512AE92DB800424D68 /* BlankView.swift */,
				C3A9BE532AE9451E00424D68 /* ListRowItemView.swift */,
			);
			path = View;
			sourceTree = "<group>";
		};
		C3D45F732AD6909A00BD2D24 /* Extsntion */ = {
			isa = PBXGroup;
			children = (
				C3A9BE4B2AE9155800424D68 /* HideKeyboardExtension.swift */,
			);
			path = Extsntion;
			sourceTree = "<group>";
		};
		C3D45F742AD690AA00BD2D24 /* Style */ = {
			isa = PBXGroup;
			children = (
				C3A9BE552AE9471700424D68 /* CheckBoxStyle.swift */,
			);
			path = Style;
			sourceTree = "<group>";
		};
		C3D45F752AD690B400BD2D24 /* App */ = {
			isa = PBXGroup;
			children = (
				C3D45F582AD6900000BD2D24 /* DevoteApp.swift */,
			);
			path = App;
			sourceTree = "<group>";
		};
		C3D45F762AD690D600BD2D24 /* Model */ = {
			isa = PBXGroup;
			children = (
				C3D45F612AD6900200BD2D24 /* Persistence.swift */,
				C3D45F632AD6900200BD2D24 /* Devote.xcdatamodeld */,
			);
			path = Model;
			sourceTree = "<group>";
		};
/* End PBXGroup section */

/* Begin PBXNativeTarget section */
		C3D45F542AD6900000BD2D24 /* Devote */ = {
			isa = PBXNativeTarget;
			buildConfigurationList = C3D45F682AD6900200BD2D24 /* Build configuration list for PBXNativeTarget "Devote" */;
			buildPhases = (
				C3D45F512AD6900000BD2D24 /* Sources */,
				C3D45F522AD6900000BD2D24 /* Frameworks */,
				C3D45F532AD6900000BD2D24 /* Resources */,
			);
			buildRules = (
			);
			dependencies = (
			);
			name = Devote;
			productName = Devote;
			productReference = C3D45F552AD6900000BD2D24 /* Devote.app */;
			productType = "com.apple.product-type.application";
		};
/* End PBXNativeTarget section */

/* Begin PBXProject section */
		C3D45F4D2AD6900000BD2D24 /* Project object */ = {
			isa = PBXProject;
			attributes = {
				BuildIndependentTargetsInParallel = 1;
				LastSwiftUpdateCheck = 1500;
				LastUpgradeCheck = 1500;
				TargetAttributes = {
					C3D45F542AD6900000BD2D24 = {
						CreatedOnToolsVersion = 15.0;
					};
				};
			};
			buildConfigurationList = C3D45F502AD6900000BD2D24 /* Build configuration list for PBXProject "Devote" */;
			compatibilityVersion = "Xcode 14.0";
			developmentRegion = en;
			hasScannedForEncodings = 0;
			knownRegions = (
				en,
				Base,
			);
			mainGroup = C3D45F4C2AD6900000BD2D24;
			productRefGroup = C3D45F562AD6900000BD2D24 /* Products */;
			projectDirPath = "";
			projectRoot = "";
			targets = (
				C3D45F542AD6900000BD2D24 /* Devote */,
			);
		};
/* End PBXProject section */

/* Begin PBXResourcesBuildPhase section */
		C3D45F532AD6900000BD2D24 /* Resources */ = {
			isa = PBXResourcesBuildPhase;
			buildActionMask = 2147483647;
			files = (
				C3D45F602AD6900200BD2D24 /* Preview Assets.xcassets in Resources */,
				C3D45F6F2AD6907300BD2D24 /* sound-rise.mp3 in Resources */,
				C3D45F5D2AD6900200BD2D24 /* Assets.xcassets in Resources */,
				C3D45F702AD6907300BD2D24 /* sound-tap.mp3 in Resources */,
				C3D45F6E2AD6907300BD2D24 /* sound-ding.mp3 in Resources */,
			);
			runOnlyForDeploymentPostprocessing = 0;
		};
/* End PBXResourcesBuildPhase section */

/* Begin PBXSourcesBuildPhase section */
		C3D45F512AD6900000BD2D24 /* Sources */ = {
			isa = PBXSourcesBuildPhase;
			buildActionMask = 2147483647;
			files = (
				C3D45F622AD6900200BD2D24 /* Persistence.swift in Sources */,
				C3A9BE4E2AE9242D00424D68 /* BackgroundImageView.swift in Sources */,
				C3D45F5B2AD6900000BD2D24 /* ContentView.swift in Sources */,
				C3A9BE4C2AE9155800424D68 /* HideKeyboardExtension.swift in Sources */,
				C3A9BE522AE92DB800424D68 /* BlankView.swift in Sources */,
				C3A9BE4A2AE90B4400424D68 /* Constant.swift in Sources */,
				C3A9BE542AE9451E00424D68 /* ListRowItemView.swift in Sources */,
				C3D45F652AD6900200BD2D24 /* Devote.xcdatamodeld in Sources */,
				C3A9BE562AE9471700424D68 /* CheckBoxStyle.swift in Sources */,
				C3D45F592AD6900000BD2D24 /* DevoteApp.swift in Sources */,
				C3A9BE502AE92A1600424D68 /* NewTaskItemView.swift in Sources */,
			);
			runOnlyForDeploymentPostprocessing = 0;
		};
/* End PBXSourcesBuildPhase section */

/* Begin XCBuildConfiguration section */
		C3D45F662AD6900200BD2D24 /* Debug */ = {
			isa = XCBuildConfiguration;
			buildSettings = {
				ALWAYS_SEARCH_USER_PATHS = NO;
				ASSETCATALOG_COMPILER_GENERATE_SWIFT_ASSET_SYMBOL_EXTENSIONS = YES;
				CLANG_ANALYZER_NONNULL = YES;
				CLANG_ANALYZER_NUMBER_OBJECT_CONVERSION = YES_AGGRESSIVE;
				CLANG_CXX_LANGUAGE_STANDARD = "gnu++20";
				CLANG_ENABLE_MODULES = YES;
				CLANG_ENABLE_OBJC_ARC = YES;
				CLANG_ENABLE_OBJC_WEAK = YES;
				CLANG_WARN_BLOCK_CAPTURE_AUTORELEASING = YES;
				CLANG_WARN_BOOL_CONVERSION = YES;
				CLANG_WARN_COMMA = YES;
				CLANG_WARN_CONSTANT_CONVERSION = YES;
				CLANG_WARN_DEPRECATED_OBJC_IMPLEMENTATIONS = YES;
				CLANG_WARN_DIRECT_OBJC_ISA_USAGE = YES_ERROR;
				CLANG_WARN_DOCUMENTATION_COMMENTS = YES;
				CLANG_WARN_EMPTY_BODY = YES;
				CLANG_WARN_ENUM_CONVERSION = YES;
				CLANG_WARN_INFINITE_RECURSION = YES;
				CLANG_WARN_INT_CONVERSION = YES;
				CLANG_WARN_NON_LITERAL_NULL_CONVERSION = YES;
				CLANG_WARN_OBJC_IMPLICIT_RETAIN_SELF = YES;
				CLANG_WARN_OBJC_LITERAL_CONVERSION = YES;
				CLANG_WARN_OBJC_ROOT_CLASS = YES_ERROR;
				CLANG_WARN_QUOTED_INCLUDE_IN_FRAMEWORK_HEADER = YES;
				CLANG_WARN_RANGE_LOOP_ANALYSIS = YES;
				CLANG_WARN_STRICT_PROTOTYPES = YES;
				CLANG_WARN_SUSPICIOUS_MOVE = YES;
				CLANG_WARN_UNGUARDED_AVAILABILITY = YES_AGGRESSIVE;
				CLANG_WARN_UNREACHABLE_CODE = YES;
				CLANG_WARN__DUPLICATE_METHOD_MATCH = YES;
				COPY_PHASE_STRIP = NO;
				DEBUG_INFORMATION_FORMAT = dwarf;
				ENABLE_STRICT_OBJC_MSGSEND = YES;
				ENABLE_TESTABILITY = YES;
				ENABLE_USER_SCRIPT_SANDBOXING = YES;
				GCC_C_LANGUAGE_STANDARD = gnu17;
				GCC_DYNAMIC_NO_PIC = NO;
				GCC_NO_COMMON_BLOCKS = YES;
				GCC_OPTIMIZATION_LEVEL = 0;
				GCC_PREPROCESSOR_DEFINITIONS = (
					"DEBUG=1",
					"$(inherited)",
				);
				GCC_WARN_64_TO_32_BIT_CONVERSION = YES;
				GCC_WARN_ABOUT_RETURN_TYPE = YES_ERROR;
				GCC_WARN_UNDECLARED_SELECTOR = YES;
				GCC_WARN_UNINITIALIZED_AUTOS = YES_AGGRESSIVE;
				GCC_WARN_UNUSED_FUNCTION = YES;
				GCC_WARN_UNUSED_VARIABLE = YES;
				IPHONEOS_DEPLOYMENT_TARGET = 17.0;
				LOCALIZATION_PREFERS_STRING_CATALOGS = YES;
				MTL_ENABLE_DEBUG_INFO = INCLUDE_SOURCE;
				MTL_FAST_MATH = YES;
				ONLY_ACTIVE_ARCH = YES;
				SDKROOT = iphoneos;
				SWIFT_ACTIVE_COMPILATION_CONDITIONS = "DEBUG $(inherited)";
				SWIFT_OPTIMIZATION_LEVEL = "-Onone";
			};
			name = Debug;
		};
		C3D45F672AD6900200BD2D24 /* Release */ = {
			isa = XCBuildConfiguration;
			buildSettings = {
				ALWAYS_SEARCH_USER_PATHS = NO;
				ASSETCATALOG_COMPILER_GENERATE_SWIFT_ASSET_SYMBOL_EXTENSIONS = YES;
				CLANG_ANALYZER_NONNULL = YES;
				CLANG_ANALYZER_NUMBER_OBJECT_CONVERSION = YES_AGGRESSIVE;
				CLANG_CXX_LANGUAGE_STANDARD = "gnu++20";
				CLANG_ENABLE_MODULES = YES;
				CLANG_ENABLE_OBJC_ARC = YES;
				CLANG_ENABLE_OBJC_WEAK = YES;
				CLANG_WARN_BLOCK_CAPTURE_AUTORELEASING = YES;
				CLANG_WARN_BOOL_CONVERSION = YES;
				CLANG_WARN_COMMA = YES;
				CLANG_WARN_CONSTANT_CONVERSION = YES;
				CLANG_WARN_DEPRECATED_OBJC_IMPLEMENTATIONS = YES;
				CLANG_WARN_DIRECT_OBJC_ISA_USAGE = YES_ERROR;
				CLANG_WARN_DOCUMENTATION_COMMENTS = YES;
				CLANG_WARN_EMPTY_BODY = YES;
				CLANG_WARN_ENUM_CONVERSION = YES;
				CLANG_WARN_INFINITE_RECURSION = YES;
				CLANG_WARN_INT_CONVERSION = YES;
				CLANG_WARN_NON_LITERAL_NULL_CONVERSION = YES;
				CLANG_WARN_OBJC_IMPLICIT_RETAIN_SELF = YES;
				CLANG_WARN_OBJC_LITERAL_CONVERSION = YES;
				CLANG_WARN_OBJC_ROOT_CLASS = YES_ERROR;
				CLANG_WARN_QUOTED_INCLUDE_IN_FRAMEWORK_HEADER = YES;
				CLANG_WARN_RANGE_LOOP_ANALYSIS = YES;
				CLANG_WARN_STRICT_PROTOTYPES = YES;
				CLANG_WARN_SUSPICIOUS_MOVE = YES;
				CLANG_WARN_UNGUARDED_AVAILABILITY = YES_AGGRESSIVE;
				CLANG_WARN_UNREACHABLE_CODE = YES;
				CLANG_WARN__DUPLICATE_METHOD_MATCH = YES;
				COPY_PHASE_STRIP = NO;
				DEBUG_INFORMATION_FORMAT = "dwarf-with-dsym";
				ENABLE_NS_ASSERTIONS = NO;
				ENABLE_STRICT_OBJC_MSGSEND = YES;
				ENABLE_USER_SCRIPT_SANDBOXING = YES;
				GCC_C_LANGUAGE_STANDARD = gnu17;
				GCC_NO_COMMON_BLOCKS = YES;
				GCC_WARN_64_TO_32_BIT_CONVERSION = YES;
				GCC_WARN_ABOUT_RETURN_TYPE = YES_ERROR;
				GCC_WARN_UNDECLARED_SELECTOR = YES;
				GCC_WARN_UNINITIALIZED_AUTOS = YES_AGGRESSIVE;
				GCC_WARN_UNUSED_FUNCTION = YES;
				GCC_WARN_UNUSED_VARIABLE = YES;
				IPHONEOS_DEPLOYMENT_TARGET = 17.0;
				LOCALIZATION_PREFERS_STRING_CATALOGS = YES;
				MTL_ENABLE_DEBUG_INFO = NO;
				MTL_FAST_MATH = YES;
				SDKROOT = iphoneos;
				SWIFT_COMPILATION_MODE = wholemodule;
				VALIDATE_PRODUCT = YES;
			};
			name = Release;
		};
		C3D45F692AD6900200BD2D24 /* Debug */ = {
			isa = XCBuildConfiguration;
			buildSettings = {
				ASSETCATALOG_COMPILER_APPICON_NAME = AppIcon;
				ASSETCATALOG_COMPILER_GLOBAL_ACCENT_COLOR_NAME = AccentColor;
				CODE_SIGN_STYLE = Automatic;
				CURRENT_PROJECT_VERSION = 1;
				DEVELOPMENT_ASSET_PATHS = "\"Devote/Preview Content\"";
				DEVELOPMENT_TEAM = RZU29T7LGX;
				ENABLE_PREVIEWS = YES;
				GENERATE_INFOPLIST_FILE = YES;
				INFOPLIST_FILE = Devote/Info.plist;
				INFOPLIST_KEY_UIApplicationSceneManifest_Generation = YES;
				INFOPLIST_KEY_UIApplicationSupportsIndirectInputEvents = YES;
				INFOPLIST_KEY_UISupportedInterfaceOrientations = UIInterfaceOrientationPortrait;
				INFOPLIST_KEY_UISupportedInterfaceOrientations_iPad = "UIInterfaceOrientationLandscapeLeft UIInterfaceOrientationLandscapeRight UIInterfaceOrientationPortrait UIInterfaceOrientationPortraitUpsideDown";
				LD_RUNPATH_SEARCH_PATHS = (
					"$(inherited)",
					"@executable_path/Frameworks",
				);
				MARKETING_VERSION = 1.0;
				PRODUCT_BUNDLE_IDENTIFIER = samoucosimao.Devote;
				PRODUCT_NAME = "$(TARGET_NAME)";
				SWIFT_EMIT_LOC_STRINGS = YES;
				SWIFT_VERSION = 5.0;
				TARGETED_DEVICE_FAMILY = "1,2";
			};
			name = Debug;
		};
		C3D45F6A2AD6900200BD2D24 /* Release */ = {
			isa = XCBuildConfiguration;
			buildSettings = {
				ASSETCATALOG_COMPILER_APPICON_NAME = AppIcon;
				ASSETCATALOG_COMPILER_GLOBAL_ACCENT_COLOR_NAME = AccentColor;
				CODE_SIGN_STYLE = Automatic;
				CURRENT_PROJECT_VERSION = 1;
				DEVELOPMENT_ASSET_PATHS = "\"Devote/Preview Content\"";
				DEVELOPMENT_TEAM = RZU29T7LGX;
				ENABLE_PREVIEWS = YES;
				GENERATE_INFOPLIST_FILE = YES;
				INFOPLIST_FILE = Devote/Info.plist;
				INFOPLIST_KEY_UIApplicationSceneManifest_Generation = YES;
				INFOPLIST_KEY_UIApplicationSupportsIndirectInputEvents = YES;
				INFOPLIST_KEY_UISupportedInterfaceOrientations = UIInterfaceOrientationPortrait;
				INFOPLIST_KEY_UISupportedInterfaceOrientations_iPad = "UIInterfaceOrientationLandscapeLeft UIInterfaceOrientationLandscapeRight UIInterfaceOrientationPortrait UIInterfaceOrientationPortraitUpsideDown";
				LD_RUNPATH_SEARCH_PATHS = (
					"$(inherited)",
					"@executable_path/Frameworks",
				);
				MARKETING_VERSION = 1.0;
				PRODUCT_BUNDLE_IDENTIFIER = samoucosimao.Devote;
				PRODUCT_NAME = "$(TARGET_NAME)";
				SWIFT_EMIT_LOC_STRINGS = YES;
				SWIFT_VERSION = 5.0;
				TARGETED_DEVICE_FAMILY = "1,2";
			};
			name = Release;
		};
/* End XCBuildConfiguration section */

/* Begin XCConfigurationList section */
		C3D45F502AD6900000BD2D24 /* Build configuration list for PBXProject "Devote" */ = {
			isa = XCConfigurationList;
			buildConfigurations = (
				C3D45F662AD6900200BD2D24 /* Debug */,
				C3D45F672AD6900200BD2D24 /* Release */,
			);
			defaultConfigurationIsVisible = 0;
			defaultConfigurationName = Release;
		};
		C3D45F682AD6900200BD2D24 /* Build configuration list for PBXNativeTarget "Devote" */ = {
			isa = XCConfigurationList;
			buildConfigurations = (
				C3D45F692AD6900200BD2D24 /* Debug */,
				C3D45F6A2AD6900200BD2D24 /* Release */,
			);
			defaultConfigurationIsVisible = 0;
			defaultConfigurationName = Release;
		};
/* End XCConfigurationList section */

/* Begin XCVersionGroup section */
		C3D45F632AD6900200BD2D24 /* Devote.xcdatamodeld */ = {
			isa = XCVersionGroup;
			children = (
				C3D45F642AD6900200BD2D24 /* Devote.xcdatamodel */,
			);
			currentVersion = C3D45F642AD6900200BD2D24 /* Devote.xcdatamodel */;
			path = Devote.xcdatamodeld;
			sourceTree = "<group>";
			versionGroupType = wrapper.xcdatamodel;
		};
/* End XCVersionGroup section */
	};
	rootObject = C3D45F4D2AD6900000BD2D24 /* Project object */;
}
