// !$*UTF8*$!
{
	archiveVersion = 1;
	classes = {
	};
	objectVersion = 56;
	objects = {

/* Begin PBXBuildFile section */
		C3FCBC0B2AB44D5B001E6F04 /* RestartApp.swift in Sources */ = {isa = PBXBuildFile; fileRef = C3FCBC0A2AB44D5B001E6F04 /* RestartApp.swift */; };
		C3FCBC0D2AB44D5B001E6F04 /* ContentView.swift in Sources */ = {isa = PBXBuildFile; fileRef = C3FCBC0C2AB44D5B001E6F04 /* ContentView.swift */; };
		C3FCBC0F2AB44D5C001E6F04 /* Assets.xcassets in Resources */ = {isa = PBXBuildFile; fileRef = C3FCBC0E2AB44D5C001E6F04 /* Assets.xcassets */; };
		C3FCBC122AB44D5C001E6F04 /* Preview Assets.xcassets in Resources */ = {isa = PBXBuildFile; fileRef = C3FCBC112AB44D5C001E6F04 /* Preview Assets.xcassets */; };
		C3FCBC1A2AB44DFB001E6F04 /* chimeup.mp3 in Resources */ = {isa = PBXBuildFile; fileRef = C3FCBC182AB44DFB001E6F04 /* chimeup.mp3 */; };
		C3FCBC1B2AB44DFB001E6F04 /* success.m4a in Resources */ = {isa = PBXBuildFile; fileRef = C3FCBC192AB44DFB001E6F04 /* success.m4a */; };
		C3FCBC222AB45050001E6F04 /* OnboardingView.swift in Sources */ = {isa = PBXBuildFile; fileRef = C3FCBC212AB45050001E6F04 /* OnboardingView.swift */; };
		C3FCBC242AB4505A001E6F04 /* HomeView.swift in Sources */ = {isa = PBXBuildFile; fileRef = C3FCBC232AB4505A001E6F04 /* HomeView.swift */; };
		C3FCBC262AB45EF2001E6F04 /* CircleGroupView.swift in Sources */ = {isa = PBXBuildFile; fileRef = C3FCBC252AB45EF2001E6F04 /* CircleGroupView.swift */; };
/* End PBXBuildFile section */

/* Begin PBXFileReference section */
		C3FCBC072AB44D5B001E6F04 /* Restart.app */ = {isa = PBXFileReference; explicitFileType = wrapper.application; includeInIndex = 0; path = Restart.app; sourceTree = BUILT_PRODUCTS_DIR; };
		C3FCBC0A2AB44D5B001E6F04 /* RestartApp.swift */ = {isa = PBXFileReference; lastKnownFileType = sourcecode.swift; path = RestartApp.swift; sourceTree = "<group>"; };
		C3FCBC0C2AB44D5B001E6F04 /* ContentView.swift */ = {isa = PBXFileReference; lastKnownFileType = sourcecode.swift; path = ContentView.swift; sourceTree = "<group>"; };
		C3FCBC0E2AB44D5C001E6F04 /* Assets.xcassets */ = {isa = PBXFileReference; lastKnownFileType = folder.assetcatalog; path = Assets.xcassets; sourceTree = "<group>"; };
		C3FCBC112AB44D5C001E6F04 /* Preview Assets.xcassets */ = {isa = PBXFileReference; lastKnownFileType = folder.assetcatalog; path = "Preview Assets.xcassets"; sourceTree = "<group>"; };
		C3FCBC182AB44DFB001E6F04 /* chimeup.mp3 */ = {isa = PBXFileReference; lastKnownFileType = audio.mp3; path = chimeup.mp3; sourceTree = "<group>"; };
		C3FCBC192AB44DFB001E6F04 /* success.m4a */ = {isa = PBXFileReference; lastKnownFileType = file; path = success.m4a; sourceTree = "<group>"; };
		C3FCBC202AB45005001E6F04 /* Info.plist */ = {isa = PBXFileReference; lastKnownFileType = text.plist; path = Info.plist; sourceTree = "<group>"; };
		C3FCBC212AB45050001E6F04 /* OnboardingView.swift */ = {isa = PBXFileReference; lastKnownFileType = sourcecode.swift; path = OnboardingView.swift; sourceTree = "<group>"; };
		C3FCBC232AB4505A001E6F04 /* HomeView.swift */ = {isa = PBXFileReference; lastKnownFileType = sourcecode.swift; path = HomeView.swift; sourceTree = "<group>"; };
		C3FCBC252AB45EF2001E6F04 /* CircleGroupView.swift */ = {isa = PBXFileReference; lastKnownFileType = sourcecode.swift; path = CircleGroupView.swift; sourceTree = "<group>"; };
/* End PBXFileReference section */

/* Begin PBXFrameworksBuildPhase section */
		C3FCBC042AB44D5B001E6F04 /* Frameworks */ = {
			isa = PBXFrameworksBuildPhase;
			buildActionMask = 2147483647;
			files = (
			);
			runOnlyForDeploymentPostprocessing = 0;
		};
/* End PBXFrameworksBuildPhase section */

/* Begin PBXGroup section */
		C3FCBBFE2AB44D5B001E6F04 = {
			isa = PBXGroup;
			children = (
				C3FCBC092AB44D5B001E6F04 /* Restart */,
				C3FCBC082AB44D5B001E6F04 /* Products */,
			);
			sourceTree = "<group>";
		};
		C3FCBC082AB44D5B001E6F04 /* Products */ = {
			isa = PBXGroup;
			children = (
				C3FCBC072AB44D5B001E6F04 /* Restart.app */,
			);
			name = Products;
			sourceTree = "<group>";
		};
		C3FCBC092AB44D5B001E6F04 /* Restart */ = {
			isa = PBXGroup;
			children = (
				C3FCBC202AB45005001E6F04 /* Info.plist */,
				C3FCBC1F2AB44EEE001E6F04 /* Utilities */,
				C3FCBC1E2AB44ED7001E6F04 /* Views */,
				C3FCBC1C2AB44E04001E6F04 /* Sounds */,
				C3FCBC0A2AB44D5B001E6F04 /* RestartApp.swift */,
				C3FCBC1D2AB44ECC001E6F04 /* Screens */,
				C3FCBC0E2AB44D5C001E6F04 /* Assets.xcassets */,
				C3FCBC102AB44D5C001E6F04 /* Preview Content */,
			);
			path = Restart;
			sourceTree = "<group>";
		};
		C3FCBC102AB44D5C001E6F04 /* Preview Content */ = {
			isa = PBXGroup;
			children = (
				C3FCBC112AB44D5C001E6F04 /* Preview Assets.xcassets */,
			);
			path = "Preview Content";
			sourceTree = "<group>";
		};
		C3FCBC1C2AB44E04001E6F04 /* Sounds */ = {
			isa = PBXGroup;
			children = (
				C3FCBC182AB44DFB001E6F04 /* chimeup.mp3 */,
				C3FCBC192AB44DFB001E6F04 /* success.m4a */,
			);
			path = Sounds;
			sourceTree = "<group>";
		};
		C3FCBC1D2AB44ECC001E6F04 /* Screens */ = {
			isa = PBXGroup;
			children = (
				C3FCBC0C2AB44D5B001E6F04 /* ContentView.swift */,
				C3FCBC212AB45050001E6F04 /* OnboardingView.swift */,
				C3FCBC232AB4505A001E6F04 /* HomeView.swift */,
			);
			path = Screens;
			sourceTree = "<group>";
		};
		C3FCBC1E2AB44ED7001E6F04 /* Views */ = {
			isa = PBXGroup;
			children = (
				C3FCBC252AB45EF2001E6F04 /* CircleGroupView.swift */,
			);
			path = Views;
			sourceTree = "<group>";
		};
		C3FCBC1F2AB44EEE001E6F04 /* Utilities */ = {
			isa = PBXGroup;
			children = (
			);
			path = Utilities;
			sourceTree = "<group>";
		};
/* End PBXGroup section */

/* Begin PBXNativeTarget section */
		C3FCBC062AB44D5B001E6F04 /* Restart */ = {
			isa = PBXNativeTarget;
			buildConfigurationList = C3FCBC152AB44D5C001E6F04 /* Build configuration list for PBXNativeTarget "Restart" */;
			buildPhases = (
				C3FCBC032AB44D5B001E6F04 /* Sources */,
				C3FCBC042AB44D5B001E6F04 /* Frameworks */,
				C3FCBC052AB44D5B001E6F04 /* Resources */,
			);
			buildRules = (
			);
			dependencies = (
			);
			name = Restart;
			productName = Restart;
			productReference = C3FCBC072AB44D5B001E6F04 /* Restart.app */;
			productType = "com.apple.product-type.application";
		};
/* End PBXNativeTarget section */

/* Begin PBXProject section */
		C3FCBBFF2AB44D5B001E6F04 /* Project object */ = {
			isa = PBXProject;
			attributes = {
				BuildIndependentTargetsInParallel = 1;
				LastSwiftUpdateCheck = 1430;
				LastUpgradeCheck = 1430;
				TargetAttributes = {
					C3FCBC062AB44D5B001E6F04 = {
						CreatedOnToolsVersion = 14.3.1;
					};
				};
			};
			buildConfigurationList = C3FCBC022AB44D5B001E6F04 /* Build configuration list for PBXProject "Restart" */;
			compatibilityVersion = "Xcode 14.0";
			developmentRegion = en;
			hasScannedForEncodings = 0;
			knownRegions = (
				en,
				Base,
			);
			mainGroup = C3FCBBFE2AB44D5B001E6F04;
			productRefGroup = C3FCBC082AB44D5B001E6F04 /* Products */;
			projectDirPath = "";
			projectRoot = "";
			targets = (
				C3FCBC062AB44D5B001E6F04 /* Restart */,
			);
		};
/* End PBXProject section */

/* Begin PBXResourcesBuildPhase section */
		C3FCBC052AB44D5B001E6F04 /* Resources */ = {
			isa = PBXResourcesBuildPhase;
			buildActionMask = 2147483647;
			files = (
				C3FCBC1B2AB44DFB001E6F04 /* success.m4a in Resources */,
				C3FCBC1A2AB44DFB001E6F04 /* chimeup.mp3 in Resources */,
				C3FCBC122AB44D5C001E6F04 /* Preview Assets.xcassets in Resources */,
				C3FCBC0F2AB44D5C001E6F04 /* Assets.xcassets in Resources */,
			);
			runOnlyForDeploymentPostprocessing = 0;
		};
/* End PBXResourcesBuildPhase section */

/* Begin PBXSourcesBuildPhase section */
		C3FCBC032AB44D5B001E6F04 /* Sources */ = {
			isa = PBXSourcesBuildPhase;
			buildActionMask = 2147483647;
			files = (
				C3FCBC262AB45EF2001E6F04 /* CircleGroupView.swift in Sources */,
				C3FCBC222AB45050001E6F04 /* OnboardingView.swift in Sources */,
				C3FCBC242AB4505A001E6F04 /* HomeView.swift in Sources */,
				C3FCBC0D2AB44D5B001E6F04 /* ContentView.swift in Sources */,
				C3FCBC0B2AB44D5B001E6F04 /* RestartApp.swift in Sources */,
			);
			runOnlyForDeploymentPostprocessing = 0;
		};
/* End PBXSourcesBuildPhase section */

/* Begin XCBuildConfiguration section */
		C3FCBC132AB44D5C001E6F04 /* Debug */ = {
			isa = XCBuildConfiguration;
			buildSettings = {
				ALWAYS_SEARCH_USER_PATHS = NO;
				CLANG_ANALYZER_NONNULL = YES;
				CLANG_ANALYZER_NUMBER_OBJECT_CONVERSION = YES_AGGRESSIVE;
				CLANG_CXX_LANGUAGE_STANDARD = "gnu++20";
				CLANG_ENABLE_MODULES = YES;
				CLANG_ENABLE_OBJC_ARC = YES;
				CLANG_ENABLE_OBJC_WEAK = YES;
				CLANG_WARN_BLOCK_CAPTURE_AUTORELEASING = YES;
				CLANG_WARN_BOOL_CONVERSION = YES;
				CLANG_WARN_COMMA = YES;
				CLANG_WARN_CONSTANT_CONVERSION = YES;
				CLANG_WARN_DEPRECATED_OBJC_IMPLEMENTATIONS = YES;
				CLANG_WARN_DIRECT_OBJC_ISA_USAGE = YES_ERROR;
				CLANG_WARN_DOCUMENTATION_COMMENTS = YES;
				CLANG_WARN_EMPTY_BODY = YES;
				CLANG_WARN_ENUM_CONVERSION = YES;
				CLANG_WARN_INFINITE_RECURSION = YES;
				CLANG_WARN_INT_CONVERSION = YES;
				CLANG_WARN_NON_LITERAL_NULL_CONVERSION = YES;
				CLANG_WARN_OBJC_IMPLICIT_RETAIN_SELF = YES;
				CLANG_WARN_OBJC_LITERAL_CONVERSION = YES;
				CLANG_WARN_OBJC_ROOT_CLASS = YES_ERROR;
				CLANG_WARN_QUOTED_INCLUDE_IN_FRAMEWORK_HEADER = YES;
				CLANG_WARN_RANGE_LOOP_ANALYSIS = YES;
				CLANG_WARN_STRICT_PROTOTYPES = YES;
				CLANG_WARN_SUSPICIOUS_MOVE = YES;
				CLANG_WARN_UNGUARDED_AVAILABILITY = YES_AGGRESSIVE;
				CLANG_WARN_UNREACHABLE_CODE = YES;
				CLANG_WARN__DUPLICATE_METHOD_MATCH = YES;
				COPY_PHASE_STRIP = NO;
				DEBUG_INFORMATION_FORMAT = dwarf;
				ENABLE_STRICT_OBJC_MSGSEND = YES;
				ENABLE_TESTABILITY = YES;
				GCC_C_LANGUAGE_STANDARD = gnu11;
				GCC_DYNAMIC_NO_PIC = NO;
				GCC_NO_COMMON_BLOCKS = YES;
				GCC_OPTIMIZATION_LEVEL = 0;
				GCC_PREPROCESSOR_DEFINITIONS = (
					"DEBUG=1",
					"$(inherited)",
				);
				GCC_WARN_64_TO_32_BIT_CONVERSION = YES;
				GCC_WARN_ABOUT_RETURN_TYPE = YES_ERROR;
				GCC_WARN_UNDECLARED_SELECTOR = YES;
				GCC_WARN_UNINITIALIZED_AUTOS = YES_AGGRESSIVE;
				GCC_WARN_UNUSED_FUNCTION = YES;
				GCC_WARN_UNUSED_VARIABLE = YES;
				IPHONEOS_DEPLOYMENT_TARGET = 16.4;
				MTL_ENABLE_DEBUG_INFO = INCLUDE_SOURCE;
				MTL_FAST_MATH = YES;
				ONLY_ACTIVE_ARCH = YES;
				SDKROOT = iphoneos;
				SWIFT_ACTIVE_COMPILATION_CONDITIONS = DEBUG;
				SWIFT_OPTIMIZATION_LEVEL = "-Onone";
			};
			name = Debug;
		};
		C3FCBC142AB44D5C001E6F04 /* Release */ = {
			isa = XCBuildConfiguration;
			buildSettings = {
				ALWAYS_SEARCH_USER_PATHS = NO;
				CLANG_ANALYZER_NONNULL = YES;
				CLANG_ANALYZER_NUMBER_OBJECT_CONVERSION = YES_AGGRESSIVE;
				CLANG_CXX_LANGUAGE_STANDARD = "gnu++20";
				CLANG_ENABLE_MODULES = YES;
				CLANG_ENABLE_OBJC_ARC = YES;
				CLANG_ENABLE_OBJC_WEAK = YES;
				CLANG_WARN_BLOCK_CAPTURE_AUTORELEASING = YES;
				CLANG_WARN_BOOL_CONVERSION = YES;
				CLANG_WARN_COMMA = YES;
				CLANG_WARN_CONSTANT_CONVERSION = YES;
				CLANG_WARN_DEPRECATED_OBJC_IMPLEMENTATIONS = YES;
				CLANG_WARN_DIRECT_OBJC_ISA_USAGE = YES_ERROR;
				CLANG_WARN_DOCUMENTATION_COMMENTS = YES;
				CLANG_WARN_EMPTY_BODY = YES;
				CLANG_WARN_ENUM_CONVERSION = YES;
				CLANG_WARN_INFINITE_RECURSION = YES;
				CLANG_WARN_INT_CONVERSION = YES;
				CLANG_WARN_NON_LITERAL_NULL_CONVERSION = YES;
				CLANG_WARN_OBJC_IMPLICIT_RETAIN_SELF = YES;
				CLANG_WARN_OBJC_LITERAL_CONVERSION = YES;
				CLANG_WARN_OBJC_ROOT_CLASS = YES_ERROR;
				CLANG_WARN_QUOTED_INCLUDE_IN_FRAMEWORK_HEADER = YES;
				CLANG_WARN_RANGE_LOOP_ANALYSIS = YES;
				CLANG_WARN_STRICT_PROTOTYPES = YES;
				CLANG_WARN_SUSPICIOUS_MOVE = YES;
				CLANG_WARN_UNGUARDED_AVAILABILITY = YES_AGGRESSIVE;
				CLANG_WARN_UNREACHABLE_CODE = YES;
				CLANG_WARN__DUPLICATE_METHOD_MATCH = YES;
				COPY_PHASE_STRIP = NO;
				DEBUG_INFORMATION_FORMAT = "dwarf-with-dsym";
				ENABLE_NS_ASSERTIONS = NO;
				ENABLE_STRICT_OBJC_MSGSEND = YES;
				GCC_C_LANGUAGE_STANDARD = gnu11;
				GCC_NO_COMMON_BLOCKS = YES;
				GCC_WARN_64_TO_32_BIT_CONVERSION = YES;
				GCC_WARN_ABOUT_RETURN_TYPE = YES_ERROR;
				GCC_WARN_UNDECLARED_SELECTOR = YES;
				GCC_WARN_UNINITIALIZED_AUTOS = YES_AGGRESSIVE;
				GCC_WARN_UNUSED_FUNCTION = YES;
				GCC_WARN_UNUSED_VARIABLE = YES;
				IPHONEOS_DEPLOYMENT_TARGET = 16.4;
				MTL_ENABLE_DEBUG_INFO = NO;
				MTL_FAST_MATH = YES;
				SDKROOT = iphoneos;
				SWIFT_COMPILATION_MODE = wholemodule;
				SWIFT_OPTIMIZATION_LEVEL = "-O";
				VALIDATE_PRODUCT = YES;
			};
			name = Release;
		};
		C3FCBC162AB44D5C001E6F04 /* Debug */ = {
			isa = XCBuildConfiguration;
			buildSettings = {
				ASSETCATALOG_COMPILER_APPICON_NAME = AppIcon;
				ASSETCATALOG_COMPILER_GLOBAL_ACCENT_COLOR_NAME = AccentColor;
				CODE_SIGN_STYLE = Automatic;
				CURRENT_PROJECT_VERSION = 1;
				DEVELOPMENT_ASSET_PATHS = "\"Restart/Preview Content\"";
				DEVELOPMENT_TEAM = RZU29T7LGX;
				ENABLE_PREVIEWS = YES;
				GENERATE_INFOPLIST_FILE = YES;
				INFOPLIST_FILE = Restart/Info.plist;
				INFOPLIST_KEY_UIApplicationSceneManifest_Generation = YES;
				INFOPLIST_KEY_UIApplicationSupportsIndirectInputEvents = YES;
				INFOPLIST_KEY_UISupportedInterfaceOrientations = UIInterfaceOrientationPortrait;
				INFOPLIST_KEY_UISupportedInterfaceOrientations_iPad = "UIInterfaceOrientationLandscapeLeft UIInterfaceOrientationLandscapeRight UIInterfaceOrientationPortrait UIInterfaceOrientationPortraitUpsideDown";
				LD_RUNPATH_SEARCH_PATHS = (
					"$(inherited)",
					"@executable_path/Frameworks",
				);
				MARKETING_VERSION = 1.0;
				PRODUCT_BUNDLE_IDENTIFIER = samoucosimao.Restart;
				PRODUCT_NAME = "$(TARGET_NAME)";
				SWIFT_EMIT_LOC_STRINGS = YES;
				SWIFT_VERSION = 5.0;
				TARGETED_DEVICE_FAMILY = "1,2";
			};
			name = Debug;
		};
		C3FCBC172AB44D5C001E6F04 /* Release */ = {
			isa = XCBuildConfiguration;
			buildSettings = {
				ASSETCATALOG_COMPILER_APPICON_NAME = AppIcon;
				ASSETCATALOG_COMPILER_GLOBAL_ACCENT_COLOR_NAME = AccentColor;
				CODE_SIGN_STYLE = Automatic;
				CURRENT_PROJECT_VERSION = 1;
				DEVELOPMENT_ASSET_PATHS = "\"Restart/Preview Content\"";
				DEVELOPMENT_TEAM = RZU29T7LGX;
				ENABLE_PREVIEWS = YES;
				GENERATE_INFOPLIST_FILE = YES;
				INFOPLIST_FILE = Restart/Info.plist;
				INFOPLIST_KEY_UIApplicationSceneManifest_Generation = YES;
				INFOPLIST_KEY_UIApplicationSupportsIndirectInputEvents = YES;
				INFOPLIST_KEY_UISupportedInterfaceOrientations = UIInterfaceOrientationPortrait;
				INFOPLIST_KEY_UISupportedInterfaceOrientations_iPad = "UIInterfaceOrientationLandscapeLeft UIInterfaceOrientationLandscapeRight UIInterfaceOrientationPortrait UIInterfaceOrientationPortraitUpsideDown";
				LD_RUNPATH_SEARCH_PATHS = (
					"$(inherited)",
					"@executable_path/Frameworks",
				);
				MARKETING_VERSION = 1.0;
				PRODUCT_BUNDLE_IDENTIFIER = samoucosimao.Restart;
				PRODUCT_NAME = "$(TARGET_NAME)";
				SWIFT_EMIT_LOC_STRINGS = YES;
				SWIFT_VERSION = 5.0;
				TARGETED_DEVICE_FAMILY = "1,2";
			};
			name = Release;
		};
/* End XCBuildConfiguration section */

/* Begin XCConfigurationList section */
		C3FCBC022AB44D5B001E6F04 /* Build configuration list for PBXProject "Restart" */ = {
			isa = XCConfigurationList;
			buildConfigurations = (
				C3FCBC132AB44D5C001E6F04 /* Debug */,
				C3FCBC142AB44D5C001E6F04 /* Release */,
			);
			defaultConfigurationIsVisible = 0;
			defaultConfigurationName = Release;
		};
		C3FCBC152AB44D5C001E6F04 /* Build configuration list for PBXNativeTarget "Restart" */ = {
			isa = XCConfigurationList;
			buildConfigurations = (
				C3FCBC162AB44D5C001E6F04 /* Debug */,
				C3FCBC172AB44D5C001E6F04 /* Release */,
			);
			defaultConfigurationIsVisible = 0;
			defaultConfigurationName = Release;
		};
/* End XCConfigurationList section */
	};
	rootObject = C3FCBBFF2AB44D5B001E6F04 /* Project object */;
}
